
Microsoft Visual Studio Solution File, Format Version 12.00
# Visual Studio Version 17
VisualStudioVersion = 17.1.32228.430
MinimumVisualStudioVersion = 10.0.40219.1
Project("{9A19103F-16F7-4668-BE54-9A1E7A4F7556}") = "Parceria", "Parceria.csproj", "{4718956E-C782-4034-9632-EEAE6EEE1AE5}"
EndProject
Project("{2150E333-8FDC-42A3-9474-1A3956D46DE8}") = "Solution Items", "Solution Items", "{F7872ECE-061C-4FA9-B7A6-9EAB8D387348}"
	ProjectSection(SolutionItems) = preProject
		.editorconfig = .editorconfig
	EndProjectSection
EndProject
Global
	GlobalSection(SolutionConfigurationPlatforms) = preSolution
		Debug|Any CPU = Debug|Any CPU
		Release|Any CPU = Release|Any CPU
	EndGlobalSection
	GlobalSection(ProjectConfigurationPlatforms) = postSolution
		{4718956E-C782-4034-9632-EEAE6EEE1AE5}.Debug|Any CPU.ActiveCfg = Debug|Any CPU
		{4718956E-C782-4034-9632-EEAE6EEE1AE5}.Debug|Any CPU.Build.0 = Debug|Any CPU
		{4718956E-C782-4034-9632-EEAE6EEE1AE5}.Release|Any CPU.ActiveCfg = Release|Any CPU
		{4718956E-C782-4034-9632-EEAE6EEE1AE5}.Release|Any CPU.Build.0 = Release|Any CPU
	EndGlobalSection
	GlobalSection(SolutionProperties) = preSolution
		HideSolutionNode = FALSE
	EndGlobalSection
	GlobalSection(ExtensibilityGlobals) = postSolution
		SolutionGuid = {56480BDD-60B5-4EED-80B9-2548A59C808B}
	EndGlobalSection
EndGlobal
